// !$*UTF8*$!
{
	archiveVersion = 1;
	classes = {
	};
	objectVersion = 56;
	objects = {

/* Begin PBXBuildFile section */
		483D165C2D40422B00487E93 /* CoffeeMastersApp.swift in Sources */ = {isa = PBXBuildFile; fileRef = 483D165B2D40422B00487E93 /* CoffeeMastersApp.swift */; };
		483D165E2D40422B00487E93 /* ContentView.swift in Sources */ = {isa = PBXBuildFile; fileRef = 483D165D2D40422B00487E93 /* ContentView.swift */; };
		483D16602D40422D00487E93 /* Assets.xcassets in Resources */ = {isa = PBXBuildFile; fileRef = 483D165F2D40422D00487E93 /* Assets.xcassets */; };
		483D16632D40422D00487E93 /* Preview Assets.xcassets in Resources */ = {isa = PBXBuildFile; fileRef = 483D16622D40422D00487E93 /* Preview Assets.xcassets */; };
		483D166A2D4051CA00487E93 /* Offer.swift in Sources */ = {isa = PBXBuildFile; fileRef = 483D16692D4051CA00487E93 /* Offer.swift */; };
		483D166C2D413BB900487E93 /* Offers.swift in Sources */ = {isa = PBXBuildFile; fileRef = 483D166B2D413BB900487E93 /* Offers.swift */; };
		483D16702D4142AF00487E93 /* Home.swift in Sources */ = {isa = PBXBuildFile; fileRef = 483D166F2D4142AF00487E93 /* Home.swift */; };
		483D16722D4142B800487E93 /* Info.swift in Sources */ = {isa = PBXBuildFile; fileRef = 483D16712D4142B800487E93 /* Info.swift */; };
		483D16742D4142C100487E93 /* Orders.swift in Sources */ = {isa = PBXBuildFile; fileRef = 483D16732D4142C100487E93 /* Orders.swift */; };
		483D16762D4143C600487E93 /* ProductItem.swift in Sources */ = {isa = PBXBuildFile; fileRef = 483D16752D4143C600487E93 /* ProductItem.swift */; };
		483D16782D4148F400487E93 /* Details.swift in Sources */ = {isa = PBXBuildFile; fileRef = 483D16772D4148F400487E93 /* Details.swift */; };
		483D167B2D414DF800487E93 /* Category.swift in Sources */ = {isa = PBXBuildFile; fileRef = 483D167A2D414DF800487E93 /* Category.swift */; };
		483D167D2D414DFF00487E93 /* Product.swift in Sources */ = {isa = PBXBuildFile; fileRef = 483D167C2D414DFF00487E93 /* Product.swift */; };
		483D167F2D4150E900487E93 /* MenuManager.swift in Sources */ = {isa = PBXBuildFile; fileRef = 483D167E2D4150E900487E93 /* MenuManager.swift */; };
		483D16812D41510300487E93 /* CartManager.swift in Sources */ = {isa = PBXBuildFile; fileRef = 483D16802D41510300487E93 /* CartManager.swift */; };
		483D16872D4155F000487E93 /* OrderItem.swift in Sources */ = {isa = PBXBuildFile; fileRef = 483D16862D4155F000487E93 /* OrderItem.swift */; };
		483D168A2D41595000487E93 /* Alamofire in Frameworks */ = {isa = PBXBuildFile; productRef = 483D16892D41595000487E93 /* Alamofire */; };
/* End PBXBuildFile section */

/* Begin PBXCopyFilesBuildPhase section */
		483D168E2D415B5100487E93 /* Embed Frameworks */ = {
			isa = PBXCopyFilesBuildPhase;
			buildActionMask = 2147483647;
			dstPath = "";
			dstSubfolderSpec = 10;
			files = (
			);
			name = "Embed Frameworks";
			runOnlyForDeploymentPostprocessing = 0;
		};
/* End PBXCopyFilesBuildPhase section */

/* Begin PBXFileReference section */
		483D16582D40422B00487E93 /* CoffeeMasters.app */ = {isa = PBXFileReference; explicitFileType = wrapper.application; includeInIndex = 0; path = CoffeeMasters.app; sourceTree = BUILT_PRODUCTS_DIR; };
		483D165B2D40422B00487E93 /* CoffeeMastersApp.swift */ = {isa = PBXFileReference; lastKnownFileType = sourcecode.swift; path = CoffeeMastersApp.swift; sourceTree = "<group>"; };
		483D165D2D40422B00487E93 /* ContentView.swift */ = {isa = PBXFileReference; lastKnownFileType = sourcecode.swift; path = ContentView.swift; sourceTree = "<group>"; };
		483D165F2D40422D00487E93 /* Assets.xcassets */ = {isa = PBXFileReference; lastKnownFileType = folder.assetcatalog; path = Assets.xcassets; sourceTree = "<group>"; };
		483D16622D40422D00487E93 /* Preview Assets.xcassets */ = {isa = PBXFileReference; lastKnownFileType = folder.assetcatalog; path = "Preview Assets.xcassets"; sourceTree = "<group>"; };
		483D16692D4051CA00487E93 /* Offer.swift */ = {isa = PBXFileReference; lastKnownFileType = sourcecode.swift; path = Offer.swift; sourceTree = "<group>"; };
		483D166B2D413BB900487E93 /* Offers.swift */ = {isa = PBXFileReference; lastKnownFileType = sourcecode.swift; path = Offers.swift; sourceTree = "<group>"; };
		483D166F2D4142AF00487E93 /* Home.swift */ = {isa = PBXFileReference; lastKnownFileType = sourcecode.swift; path = Home.swift; sourceTree = "<group>"; };
		483D16712D4142B800487E93 /* Info.swift */ = {isa = PBXFileReference; lastKnownFileType = sourcecode.swift; path = Info.swift; sourceTree = "<group>"; };
		483D16732D4142C100487E93 /* Orders.swift */ = {isa = PBXFileReference; lastKnownFileType = sourcecode.swift; path = Orders.swift; sourceTree = "<group>"; };
		483D16752D4143C600487E93 /* ProductItem.swift */ = {isa = PBXFileReference; lastKnownFileType = sourcecode.swift; path = ProductItem.swift; sourceTree = "<group>"; };
		483D16772D4148F400487E93 /* Details.swift */ = {isa = PBXFileReference; lastKnownFileType = sourcecode.swift; path = Details.swift; sourceTree = "<group>"; };
		483D167A2D414DF800487E93 /* Category.swift */ = {isa = PBXFileReference; lastKnownFileType = sourcecode.swift; path = Category.swift; sourceTree = "<group>"; };
		483D167C2D414DFF00487E93 /* Product.swift */ = {isa = PBXFileReference; lastKnownFileType = sourcecode.swift; path = Product.swift; sourceTree = "<group>"; };
		483D167E2D4150E900487E93 /* MenuManager.swift */ = {isa = PBXFileReference; lastKnownFileType = sourcecode.swift; path = MenuManager.swift; sourceTree = "<group>"; };
		483D16802D41510300487E93 /* CartManager.swift */ = {isa = PBXFileReference; lastKnownFileType = sourcecode.swift; path = CartManager.swift; sourceTree = "<group>"; };
		483D16862D4155F000487E93 /* OrderItem.swift */ = {isa = PBXFileReference; lastKnownFileType = sourcecode.swift; path = OrderItem.swift; sourceTree = "<group>"; };
		483D168F2D4192DD00487E93 /* Info.plist */ = {isa = PBXFileReference; lastKnownFileType = text.plist; path = Info.plist; sourceTree = "<group>"; };
/* End PBXFileReference section */

/* Begin PBXFrameworksBuildPhase section */
		483D16552D40422B00487E93 /* Frameworks */ = {
			isa = PBXFrameworksBuildPhase;
			buildActionMask = 2147483647;
			files = (
				483D168A2D41595000487E93 /* Alamofire in Frameworks */,
			);
			runOnlyForDeploymentPostprocessing = 0;
		};
/* End PBXFrameworksBuildPhase section */

/* Begin PBXGroup section */
		483D164F2D40422B00487E93 = {
			isa = PBXGroup;
			children = (
				483D165A2D40422B00487E93 /* CoffeeMasters */,
				483D16592D40422B00487E93 /* Products */,
			);
			sourceTree = "<group>";
		};
		483D16592D40422B00487E93 /* Products */ = {
			isa = PBXGroup;
			children = (
				483D16582D40422B00487E93 /* CoffeeMasters.app */,
			);
			name = Products;
			sourceTree = "<group>";
		};
		483D165A2D40422B00487E93 /* CoffeeMasters */ = {
			isa = PBXGroup;
			children = (
				483D168F2D4192DD00487E93 /* Info.plist */,
				483D165B2D40422B00487E93 /* CoffeeMastersApp.swift */,
				483D165D2D40422B00487E93 /* ContentView.swift */,
				483D16792D414DD900487E93 /* Models */,
				483D166D2D41426100487E93 /* Views */,
				483D166E2D41426F00487E93 /* Screens */,
				483D165F2D40422D00487E93 /* Assets.xcassets */,
				483D16612D40422D00487E93 /* Preview Content */,
			);
			path = CoffeeMasters;
			sourceTree = "<group>";
		};
		483D16612D40422D00487E93 /* Preview Content */ = {
			isa = PBXGroup;
			children = (
				483D16622D40422D00487E93 /* Preview Assets.xcassets */,
			);
			path = "Preview Content";
			sourceTree = "<group>";
		};
		483D166D2D41426100487E93 /* Views */ = {
			isa = PBXGroup;
			children = (
				483D16692D4051CA00487E93 /* Offer.swift */,
				483D16862D4155F000487E93 /* OrderItem.swift */,
				483D16752D4143C600487E93 /* ProductItem.swift */,
			);
			path = Views;
			sourceTree = "<group>";
		};
		483D166E2D41426F00487E93 /* Screens */ = {
			isa = PBXGroup;
			children = (
				483D166B2D413BB900487E93 /* Offers.swift */,
				483D166F2D4142AF00487E93 /* Home.swift */,
				483D16772D4148F400487E93 /* Details.swift */,
				483D16712D4142B800487E93 /* Info.swift */,
				483D16732D4142C100487E93 /* Orders.swift */,
			);
			path = Screens;
			sourceTree = "<group>";
		};
		483D16792D414DD900487E93 /* Models */ = {
			isa = PBXGroup;
			children = (
				483D167A2D414DF800487E93 /* Category.swift */,
				483D167C2D414DFF00487E93 /* Product.swift */,
				483D167E2D4150E900487E93 /* MenuManager.swift */,
				483D16802D41510300487E93 /* CartManager.swift */,
			);
			path = Models;
			sourceTree = "<group>";
		};
/* End PBXGroup section */

/* Begin PBXNativeTarget section */
		483D16572D40422B00487E93 /* CoffeeMasters */ = {
			isa = PBXNativeTarget;
			buildConfigurationList = 483D16662D40422D00487E93 /* Build configuration list for PBXNativeTarget "CoffeeMasters" */;
			buildPhases = (
				483D16542D40422B00487E93 /* Sources */,
				483D16552D40422B00487E93 /* Frameworks */,
				483D16562D40422B00487E93 /* Resources */,
				483D168E2D415B5100487E93 /* Embed Frameworks */,
			);
			buildRules = (
			);
			dependencies = (
			);
			name = CoffeeMasters;
			packageProductDependencies = (
				483D16892D41595000487E93 /* Alamofire */,
			);
			productName = CoffeeMasters;
			productReference = 483D16582D40422B00487E93 /* CoffeeMasters.app */;
			productType = "com.apple.product-type.application";
		};
/* End PBXNativeTarget section */

/* Begin PBXProject section */
		483D16502D40422B00487E93 /* Project object */ = {
			isa = PBXProject;
			attributes = {
				BuildIndependentTargetsInParallel = 1;
				LastSwiftUpdateCheck = 1540;
				LastUpgradeCheck = 1540;
				TargetAttributes = {
					483D16572D40422B00487E93 = {
						CreatedOnToolsVersion = 15.4;
					};
				};
			};
			buildConfigurationList = 483D16532D40422B00487E93 /* Build configuration list for PBXProject "CoffeeMasters" */;
			compatibilityVersion = "Xcode 14.0";
			developmentRegion = en;
			hasScannedForEncodings = 0;
			knownRegions = (
				en,
				Base,
			);
			mainGroup = 483D164F2D40422B00487E93;
			packageReferences = (
				483D16882D41595000487E93 /* XCRemoteSwiftPackageReference "Alamofire" */,
			);
			productRefGroup = 483D16592D40422B00487E93 /* Products */;
			projectDirPath = "";
			projectRoot = "";
			targets = (
				483D16572D40422B00487E93 /* CoffeeMasters */,
			);
		};
/* End PBXProject section */

/* Begin PBXResourcesBuildPhase section */
		483D16562D40422B00487E93 /* Resources */ = {
			isa = PBXResourcesBuildPhase;
			buildActionMask = 2147483647;
			files = (
				483D16632D40422D00487E93 /* Preview Assets.xcassets in Resources */,
				483D16602D40422D00487E93 /* Assets.xcassets in Resources */,
			);
			runOnlyForDeploymentPostprocessing = 0;
		};
/* End PBXResourcesBuildPhase section */

/* Begin PBXSourcesBuildPhase section */
		483D16542D40422B00487E93 /* Sources */ = {
			isa = PBXSourcesBuildPhase;
			buildActionMask = 2147483647;
			files = (
				483D167F2D4150E900487E93 /* MenuManager.swift in Sources */,
				483D16812D41510300487E93 /* CartManager.swift in Sources */,
				483D166A2D4051CA00487E93 /* Offer.swift in Sources */,
				483D167B2D414DF800487E93 /* Category.swift in Sources */,
				483D16742D4142C100487E93 /* Orders.swift in Sources */,
				483D165E2D40422B00487E93 /* ContentView.swift in Sources */,
				483D165C2D40422B00487E93 /* CoffeeMastersApp.swift in Sources */,
				483D167D2D414DFF00487E93 /* Product.swift in Sources */,
				483D16762D4143C600487E93 /* ProductItem.swift in Sources */,
				483D16872D4155F000487E93 /* OrderItem.swift in Sources */,
				483D16782D4148F400487E93 /* Details.swift in Sources */,
				483D16702D4142AF00487E93 /* Home.swift in Sources */,
				483D16722D4142B800487E93 /* Info.swift in Sources */,
				483D166C2D413BB900487E93 /* Offers.swift in Sources */,
			);
			runOnlyForDeploymentPostprocessing = 0;
		};
/* End PBXSourcesBuildPhase section */

/* Begin XCBuildConfiguration section */
		483D16642D40422D00487E93 /* Debug */ = {
			isa = XCBuildConfiguration;
			buildSettings = {
				ALWAYS_SEARCH_USER_PATHS = NO;
				ASSETCATALOG_COMPILER_GENERATE_SWIFT_ASSET_SYMBOL_EXTENSIONS = YES;
				CLANG_ANALYZER_NONNULL = YES;
				CLANG_ANALYZER_NUMBER_OBJECT_CONVERSION = YES_AGGRESSIVE;
				CLANG_CXX_LANGUAGE_STANDARD = "gnu++20";
				CLANG_ENABLE_MODULES = YES;
				CLANG_ENABLE_OBJC_ARC = YES;
				CLANG_ENABLE_OBJC_WEAK = YES;
				CLANG_WARN_BLOCK_CAPTURE_AUTORELEASING = YES;
				CLANG_WARN_BOOL_CONVERSION = YES;
				CLANG_WARN_COMMA = YES;
				CLANG_WARN_CONSTANT_CONVERSION = YES;
				CLANG_WARN_DEPRECATED_OBJC_IMPLEMENTATIONS = YES;
				CLANG_WARN_DIRECT_OBJC_ISA_USAGE = YES_ERROR;
				CLANG_WARN_DOCUMENTATION_COMMENTS = YES;
				CLANG_WARN_EMPTY_BODY = YES;
				CLANG_WARN_ENUM_CONVERSION = YES;
				CLANG_WARN_INFINITE_RECURSION = YES;
				CLANG_WARN_INT_CONVERSION = YES;
				CLANG_WARN_NON_LITERAL_NULL_CONVERSION = YES;
				CLANG_WARN_OBJC_IMPLICIT_RETAIN_SELF = YES;
				CLANG_WARN_OBJC_LITERAL_CONVERSION = YES;
				CLANG_WARN_OBJC_ROOT_CLASS = YES_ERROR;
				CLANG_WARN_QUOTED_INCLUDE_IN_FRAMEWORK_HEADER = YES;
				CLANG_WARN_RANGE_LOOP_ANALYSIS = YES;
				CLANG_WARN_STRICT_PROTOTYPES = YES;
				CLANG_WARN_SUSPICIOUS_MOVE = YES;
				CLANG_WARN_UNGUARDED_AVAILABILITY = YES_AGGRESSIVE;
				CLANG_WARN_UNREACHABLE_CODE = YES;
				CLANG_WARN__DUPLICATE_METHOD_MATCH = YES;
				COPY_PHASE_STRIP = NO;
				DEBUG_INFORMATION_FORMAT = dwarf;
				ENABLE_STRICT_OBJC_MSGSEND = YES;
				ENABLE_TESTABILITY = YES;
				ENABLE_USER_SCRIPT_SANDBOXING = YES;
				GCC_C_LANGUAGE_STANDARD = gnu17;
				GCC_DYNAMIC_NO_PIC = NO;
				GCC_NO_COMMON_BLOCKS = YES;
				GCC_OPTIMIZATION_LEVEL = 0;
				GCC_PREPROCESSOR_DEFINITIONS = (
					"DEBUG=1",
					"$(inherited)",
				);
				GCC_WARN_64_TO_32_BIT_CONVERSION = YES;
				GCC_WARN_ABOUT_RETURN_TYPE = YES_ERROR;
				GCC_WARN_UNDECLARED_SELECTOR = YES;
				GCC_WARN_UNINITIALIZED_AUTOS = YES_AGGRESSIVE;
				GCC_WARN_UNUSED_FUNCTION = YES;
				GCC_WARN_UNUSED_VARIABLE = YES;
				IPHONEOS_DEPLOYMENT_TARGET = 17.5;
				LOCALIZATION_PREFERS_STRING_CATALOGS = YES;
				MTL_ENABLE_DEBUG_INFO = INCLUDE_SOURCE;
				MTL_FAST_MATH = YES;
				ONLY_ACTIVE_ARCH = YES;
				SDKROOT = iphoneos;
				SWIFT_ACTIVE_COMPILATION_CONDITIONS = "DEBUG $(inherited)";
				SWIFT_OPTIMIZATION_LEVEL = "-Onone";
			};
			name = Debug;
		};
		483D16652D40422D00487E93 /* Release */ = {
			isa = XCBuildConfiguration;
			buildSettings = {
				ALWAYS_SEARCH_USER_PATHS = NO;
				ASSETCATALOG_COMPILER_GENERATE_SWIFT_ASSET_SYMBOL_EXTENSIONS = YES;
				CLANG_ANALYZER_NONNULL = YES;
				CLANG_ANALYZER_NUMBER_OBJECT_CONVERSION = YES_AGGRESSIVE;
				CLANG_CXX_LANGUAGE_STANDARD = "gnu++20";
				CLANG_ENABLE_MODULES = YES;
				CLANG_ENABLE_OBJC_ARC = YES;
				CLANG_ENABLE_OBJC_WEAK = YES;
				CLANG_WARN_BLOCK_CAPTURE_AUTORELEASING = YES;
				CLANG_WARN_BOOL_CONVERSION = YES;
				CLANG_WARN_COMMA = YES;
				CLANG_WARN_CONSTANT_CONVERSION = YES;
				CLANG_WARN_DEPRECATED_OBJC_IMPLEMENTATIONS = YES;
				CLANG_WARN_DIRECT_OBJC_ISA_USAGE = YES_ERROR;
				CLANG_WARN_DOCUMENTATION_COMMENTS = YES;
				CLANG_WARN_EMPTY_BODY = YES;
				CLANG_WARN_ENUM_CONVERSION = YES;
				CLANG_WARN_INFINITE_RECURSION = YES;
				CLANG_WARN_INT_CONVERSION = YES;
				CLANG_WARN_NON_LITERAL_NULL_CONVERSION = YES;
				CLANG_WARN_OBJC_IMPLICIT_RETAIN_SELF = YES;
				CLANG_WARN_OBJC_LITERAL_CONVERSION = YES;
				CLANG_WARN_OBJC_ROOT_CLASS = YES_ERROR;
				CLANG_WARN_QUOTED_INCLUDE_IN_FRAMEWORK_HEADER = YES;
				CLANG_WARN_RANGE_LOOP_ANALYSIS = YES;
				CLANG_WARN_STRICT_PROTOTYPES = YES;
				CLANG_WARN_SUSPICIOUS_MOVE = YES;
				CLANG_WARN_UNGUARDED_AVAILABILITY = YES_AGGRESSIVE;
				CLANG_WARN_UNREACHABLE_CODE = YES;
				CLANG_WARN__DUPLICATE_METHOD_MATCH = YES;
				COPY_PHASE_STRIP = NO;
				DEBUG_INFORMATION_FORMAT = "dwarf-with-dsym";
				ENABLE_NS_ASSERTIONS = NO;
				ENABLE_STRICT_OBJC_MSGSEND = YES;
				ENABLE_USER_SCRIPT_SANDBOXING = YES;
				GCC_C_LANGUAGE_STANDARD = gnu17;
				GCC_NO_COMMON_BLOCKS = YES;
				GCC_WARN_64_TO_32_BIT_CONVERSION = YES;
				GCC_WARN_ABOUT_RETURN_TYPE = YES_ERROR;
				GCC_WARN_UNDECLARED_SELECTOR = YES;
				GCC_WARN_UNINITIALIZED_AUTOS = YES_AGGRESSIVE;
				GCC_WARN_UNUSED_FUNCTION = YES;
				GCC_WARN_UNUSED_VARIABLE = YES;
				IPHONEOS_DEPLOYMENT_TARGET = 17.5;
				LOCALIZATION_PREFERS_STRING_CATALOGS = YES;
				MTL_ENABLE_DEBUG_INFO = NO;
				MTL_FAST_MATH = YES;
				SDKROOT = iphoneos;
				SWIFT_COMPILATION_MODE = wholemodule;
				VALIDATE_PRODUCT = YES;
			};
			name = Release;
		};
		483D16672D40422D00487E93 /* Debug */ = {
			isa = XCBuildConfiguration;
			buildSettings = {
				ASSETCATALOG_COMPILER_APPICON_NAME = AppIcon;
				ASSETCATALOG_COMPILER_GLOBAL_ACCENT_COLOR_NAME = AccentColor;
				CODE_SIGN_STYLE = Automatic;
				CURRENT_PROJECT_VERSION = 1;
				DEVELOPMENT_ASSET_PATHS = "\"CoffeeMasters/Preview Content\"";
				DEVELOPMENT_TEAM = 8239G84T54;
				ENABLE_PREVIEWS = YES;
				GENERATE_INFOPLIST_FILE = YES;
				INFOPLIST_FILE = CoffeeMasters/Info.plist;
				INFOPLIST_KEY_UIApplicationSceneManifest_Generation = YES;
				INFOPLIST_KEY_UIApplicationSupportsIndirectInputEvents = YES;
				INFOPLIST_KEY_UISupportedInterfaceOrientations_iPad = "UIInterfaceOrientationPortrait UIInterfaceOrientationPortraitUpsideDown UIInterfaceOrientationLandscapeLeft UIInterfaceOrientationLandscapeRight";
				INFOPLIST_KEY_UISupportedInterfaceOrientations_iPhone = "UIInterfaceOrientationPortrait UIInterfaceOrientationLandscapeLeft UIInterfaceOrientationLandscapeRight";
				LD_RUNPATH_SEARCH_PATHS = (
					"$(inherited)",
					"@executable_path/Frameworks",
				);
				MARKETING_VERSION = 1.0;
				PRODUCT_BUNDLE_IDENTIFIER = com.testproject.CoffeeMasters;
				PRODUCT_NAME = "$(TARGET_NAME)";
				SWIFT_EMIT_LOC_STRINGS = YES;
				SWIFT_VERSION = 5.0;
				TARGETED_DEVICE_FAMILY = "1,2";
			};
			name = Debug;
		};
		483D16682D40422D00487E93 /* Release */ = {
			isa = XCBuildConfiguration;
			buildSettings = {
				ASSETCATALOG_COMPILER_APPICON_NAME = AppIcon;
				ASSETCATALOG_COMPILER_GLOBAL_ACCENT_COLOR_NAME = AccentColor;
				CODE_SIGN_STYLE = Automatic;
				CURRENT_PROJECT_VERSION = 1;
				DEVELOPMENT_ASSET_PATHS = "\"CoffeeMasters/Preview Content\"";
				DEVELOPMENT_TEAM = 8239G84T54;
				ENABLE_PREVIEWS = YES;
				GENERATE_INFOPLIST_FILE = YES;
				INFOPLIST_FILE = CoffeeMasters/Info.plist;
				INFOPLIST_KEY_UIApplicationSceneManifest_Generation = YES;
				INFOPLIST_KEY_UIApplicationSupportsIndirectInputEvents = YES;
				INFOPLIST_KEY_UISupportedInterfaceOrientations_iPad = "UIInterfaceOrientationPortrait UIInterfaceOrientationPortraitUpsideDown UIInterfaceOrientationLandscapeLeft UIInterfaceOrientationLandscapeRight";
				INFOPLIST_KEY_UISupportedInterfaceOrientations_iPhone = "UIInterfaceOrientationPortrait UIInterfaceOrientationLandscapeLeft UIInterfaceOrientationLandscapeRight";
				LD_RUNPATH_SEARCH_PATHS = (
					"$(inherited)",
					"@executable_path/Frameworks",
				);
				MARKETING_VERSION = 1.0;
				PRODUCT_BUNDLE_IDENTIFIER = com.testproject.CoffeeMasters;
				PRODUCT_NAME = "$(TARGET_NAME)";
				SWIFT_EMIT_LOC_STRINGS = YES;
				SWIFT_VERSION = 5.0;
				TARGETED_DEVICE_FAMILY = "1,2";
			};
			name = Release;
		};
/* End XCBuildConfiguration section */

/* Begin XCConfigurationList section */
		483D16532D40422B00487E93 /* Build configuration list for PBXProject "CoffeeMasters" */ = {
			isa = XCConfigurationList;
			buildConfigurations = (
				483D16642D40422D00487E93 /* Debug */,
				483D16652D40422D00487E93 /* Release */,
			);
			defaultConfigurationIsVisible = 0;
			defaultConfigurationName = Release;
		};
		483D16662D40422D00487E93 /* Build configuration list for PBXNativeTarget "CoffeeMasters" */ = {
			isa = XCConfigurationList;
			buildConfigurations = (
				483D16672D40422D00487E93 /* Debug */,
				483D16682D40422D00487E93 /* Release */,
			);
			defaultConfigurationIsVisible = 0;
			defaultConfigurationName = Release;
		};
/* End XCConfigurationList section */

/* Begin XCRemoteSwiftPackageReference section */
		483D16882D41595000487E93 /* XCRemoteSwiftPackageReference "Alamofire" */ = {
			isa = XCRemoteSwiftPackageReference;
			repositoryURL = "https://github.com/Alamofire/Alamofire.git";
			requirement = {
				kind = upToNextMajorVersion;
				minimumVersion = 5.10.2;
			};
		};
/* End XCRemoteSwiftPackageReference section */

/* Begin XCSwiftPackageProductDependency section */
		483D16892D41595000487E93 /* Alamofire */ = {
			isa = XCSwiftPackageProductDependency;
			package = 483D16882D41595000487E93 /* XCRemoteSwiftPackageReference "Alamofire" */;
			productName = Alamofire;
		};
/* End XCSwiftPackageProductDependency section */
	};
	rootObject = 483D16502D40422B00487E93 /* Project object */;
}
